{
  "requires": true,
  "lockfileVersion": 1,
  "dependencies": {
    "deeks": {
      "version": "2.4.1",
      "resolved": "https://registry.npmjs.org/deeks/-/deeks-2.4.1.tgz",
      "integrity": "sha512-18Zd9f6dqyAFDoPttDdD8w5u7xy9M1IoxhpSsaatFwI4O+wZyUK+rDtwul4s6iYSfUfZBXPfUbxZrKHDqpEQYA=="
    },
    "doc-path": {
      "version": "3.0.1",
      "resolved": "https://registry.npmjs.org/doc-path/-/doc-path-3.0.1.tgz",
      "integrity": "sha512-Z7yrgf71bNXFK7dHqanaJO6QOkDsIemcxQqEyhIVY/Jfcwm8mMmCHV/w7UZyr9NzTFFbo698TFiLc5exfHNvog=="
    },
    "json-2-csv": {
      "version": "3.14.1",
      "resolved": "https://registry.npmjs.org/json-2-csv/-/json-2-csv-3.14.1.tgz",
      "integrity": "sha512-Nx84ZyolEOVoft43ztfzmC7fETUo/+6dDlKTLZXPd+hVYHP1YTeE/K6Axx4ipofwywpR6iwMLtKQ9EZwBYWD+A==",
      "requires": {
        "deeks": "2.4.1",
        "doc-path": "3.0.1"
      }
    }
  }
}
