{
  "requires": true,
  "lockfileVersion": 1,
  "dependencies": {
    "deeks": {
      "version": "2.5.1",
      "resolved": "https://registry.npmjs.org/deeks/-/deeks-2.5.1.tgz",
      "integrity": "sha512-fqrBeUz7f1UqaXDRzVB5RG2EfPk15HJRrb2pMZj8mLlSTtz4tRPsK5leFOskoHFPuyZ6+7aRM9j657fvXLkJ7Q=="
    },
    "doc-path": {
      "version": "3.0.2",
      "resolved": "https://registry.npmjs.org/doc-path/-/doc-path-3.0.2.tgz",
      "integrity": "sha512-VRlA2OKSjTbHWj6wmSanxJ338fE/YN8pqmZ0FIWK5JWkIJMFRc4KmD35JtOrnjvVG0WrzOtDDNHx1lN1tkb+lA=="
    },
    "json-2-csv": {
      "version": "3.17.1",
      "resolved": "https://registry.npmjs.org/json-2-csv/-/json-2-csv-3.17.1.tgz",
      "integrity": "sha512-i6QynVy42GGMgY8fYde0mp6nYteptvk8oJsphOLiT3CITzw7NBBAiRwHV35kDOBii/elDQe1HCWLqaBPJ3istQ==",
      "requires": {
        "deeks": "2.5.1",
        "doc-path": "3.0.2"
      }
    }
  }
}
